
Microsoft Visual Studio Solution File, Format Version 12.00
# Visual Studio Version 16
VisualStudioVersion = 16.0.30517.126
MinimumVisualStudioVersion = 10.0.40219.1
Project("{FAE04EC0-301F-11D3-BF4B-00C04F79EFBC}") = "MarsRover", "MarsRover\MarsRover.csproj", "{5BEDD1D9-B281-45BD-A89D-77E3A3389EF0}"
EndProject
Project("{FAE04EC0-301F-11D3-BF4B-00C04F79EFBC}") = "MarsRover.Tests", "MarsRover.Tests\MarsRover.Tests.csproj", "{B7079BB8-7FA5-4AB1-82A5-7885CF0A1438}"
EndProject
Global
	GlobalSection(SolutionConfigurationPlatforms) = preSolution
		Debug|Any CPU = Debug|Any CPU
		Release|Any CPU = Release|Any CPU
	EndGlobalSection
	GlobalSection(ProjectConfigurationPlatforms) = postSolution
		{5BEDD1D9-B281-45BD-A89D-77E3A3389EF0}.Debug|Any CPU.ActiveCfg = Debug|Any CPU
		{5BEDD1D9-B281-45BD-A89D-77E3A3389EF0}.Debug|Any CPU.Build.0 = Debug|Any CPU
		{5BEDD1D9-B281-45BD-A89D-77E3A3389EF0}.Release|Any CPU.ActiveCfg = Release|Any CPU
		{5BEDD1D9-B281-45BD-A89D-77E3A3389EF0}.Release|Any CPU.Build.0 = Release|Any CPU
		{B7079BB8-7FA5-4AB1-82A5-7885CF0A1438}.Debug|Any CPU.ActiveCfg = Debug|Any CPU
		{B7079BB8-7FA5-4AB1-82A5-7885CF0A1438}.Debug|Any CPU.Build.0 = Debug|Any CPU
		{B7079BB8-7FA5-4AB1-82A5-7885CF0A1438}.Release|Any CPU.ActiveCfg = Release|Any CPU
		{B7079BB8-7FA5-4AB1-82A5-7885CF0A1438}.Release|Any CPU.Build.0 = Release|Any CPU
	EndGlobalSection
	GlobalSection(SolutionProperties) = preSolution
		HideSolutionNode = FALSE
	EndGlobalSection
	GlobalSection(ExtensibilityGlobals) = postSolution
		SolutionGuid = {2CE996B6-FF65-4E46-A435-0F06D226BB8C}
	EndGlobalSection
EndGlobal
